
Microsoft Visual Studio Solution File, Format Version 12.00
# Visual Studio Version 17
VisualStudioVersion = 17.7.34009.444
MinimumVisualStudioVersion = 10.0.40219.1
Project("{FAE04EC0-301F-11D3-BF4B-00C04F79EFBC}") = "VERYCOOLBLOGOHYEAH", "VERYCOOLBLOGOHYEAH\VERYCOOLBLOGOHYEAH.csproj", "{84D5692F-9B3F-4563-86A2-BA57DEA6400D}"
EndProject
Global
	GlobalSection(SolutionConfigurationPlatforms) = preSolution
		Debug|Any CPU = Debug|Any CPU
		Release|Any CPU = Release|Any CPU
	EndGlobalSection
	GlobalSection(ProjectConfigurationPlatforms) = postSolution
		{84D5692F-9B3F-4563-86A2-BA57DEA6400D}.Debug|Any CPU.ActiveCfg = Debug|Any CPU
		{84D5692F-9B3F-4563-86A2-BA57DEA6400D}.Debug|Any CPU.Build.0 = Debug|Any CPU
		{84D5692F-9B3F-4563-86A2-BA57DEA6400D}.Release|Any CPU.ActiveCfg = Release|Any CPU
		{84D5692F-9B3F-4563-86A2-BA57DEA6400D}.Release|Any CPU.Build.0 = Release|Any CPU
	EndGlobalSection
	GlobalSection(SolutionProperties) = preSolution
		HideSolutionNode = FALSE
	EndGlobalSection
	GlobalSection(ExtensibilityGlobals) = postSolution
		SolutionGuid = {F3925A89-1AB9-482F-BA12-2C57B957004A}
	EndGlobalSection
EndGlobal
